
Microsoft Visual Studio Solution File, Format Version 12.00
# Visual Studio 14
VisualStudioVersion = 14.0.25420.1
MinimumVisualStudioVersion = 10.0.40219.1
Project("{FAE04EC0-301F-11D3-BF4B-00C04F79EFBC}") = "1PruebaWeb", "PruebaWeb\1PruebaWeb.csproj", "{23311BCB-CB0A-4385-BC99-369F491DCD48}"
EndProject
Project("{FAE04EC0-301F-11D3-BF4B-00C04F79EFBC}") = "2Prueba.BL", "Prueba.BL\2Prueba.BL.csproj", "{D23C6516-7763-4DA9-987F-5B8C3672FBB6}"
EndProject
Project("{FAE04EC0-301F-11D3-BF4B-00C04F79EFBC}") = "3Prueba.DAO", "Prueba.DAO\3Prueba.DAO.csproj", "{E98C509F-136D-4903-A55E-836794C5AF8B}"
EndProject
Project("{FAE04EC0-301F-11D3-BF4B-00C04F79EFBC}") = "1.1Prueba.API", "Prueba.api\1.1Prueba.API.csproj", "{5F5A5C2F-EF41-4A96-A047-C6371ED8A8D4}"
EndProject
Project("{FAE04EC0-301F-11D3-BF4B-00C04F79EFBC}") = "Prueba.Model", "Prueba.Model\Prueba.Model.csproj", "{EFA91E2C-D9A7-41F1-8304-52DE196B7305}"
EndProject
Project("{FAE04EC0-301F-11D3-BF4B-00C04F79EFBC}") = "Prueba.Infraestructura", "Prueba.Infraestructura\Prueba.Infraestructura.csproj", "{9C25A2A5-84BD-4B63-B123-766D160EF386}"
EndProject
Global
	GlobalSection(SolutionConfigurationPlatforms) = preSolution
		Debug|Any CPU = Debug|Any CPU
		Release|Any CPU = Release|Any CPU
	EndGlobalSection
	GlobalSection(ProjectConfigurationPlatforms) = postSolution
		{23311BCB-CB0A-4385-BC99-369F491DCD48}.Debug|Any CPU.ActiveCfg = Debug|Any CPU
		{23311BCB-CB0A-4385-BC99-369F491DCD48}.Debug|Any CPU.Build.0 = Debug|Any CPU
		{23311BCB-CB0A-4385-BC99-369F491DCD48}.Release|Any CPU.ActiveCfg = Release|Any CPU
		{23311BCB-CB0A-4385-BC99-369F491DCD48}.Release|Any CPU.Build.0 = Release|Any CPU
		{D23C6516-7763-4DA9-987F-5B8C3672FBB6}.Debug|Any CPU.ActiveCfg = Debug|Any CPU
		{D23C6516-7763-4DA9-987F-5B8C3672FBB6}.Debug|Any CPU.Build.0 = Debug|Any CPU
		{D23C6516-7763-4DA9-987F-5B8C3672FBB6}.Release|Any CPU.ActiveCfg = Release|Any CPU
		{D23C6516-7763-4DA9-987F-5B8C3672FBB6}.Release|Any CPU.Build.0 = Release|Any CPU
		{E98C509F-136D-4903-A55E-836794C5AF8B}.Debug|Any CPU.ActiveCfg = Debug|Any CPU
		{E98C509F-136D-4903-A55E-836794C5AF8B}.Debug|Any CPU.Build.0 = Debug|Any CPU
		{E98C509F-136D-4903-A55E-836794C5AF8B}.Release|Any CPU.ActiveCfg = Release|Any CPU
		{E98C509F-136D-4903-A55E-836794C5AF8B}.Release|Any CPU.Build.0 = Release|Any CPU
		{5F5A5C2F-EF41-4A96-A047-C6371ED8A8D4}.Debug|Any CPU.ActiveCfg = Debug|Any CPU
		{5F5A5C2F-EF41-4A96-A047-C6371ED8A8D4}.Debug|Any CPU.Build.0 = Debug|Any CPU
		{5F5A5C2F-EF41-4A96-A047-C6371ED8A8D4}.Release|Any CPU.ActiveCfg = Release|Any CPU
		{5F5A5C2F-EF41-4A96-A047-C6371ED8A8D4}.Release|Any CPU.Build.0 = Release|Any CPU
		{EFA91E2C-D9A7-41F1-8304-52DE196B7305}.Debug|Any CPU.ActiveCfg = Debug|Any CPU
		{EFA91E2C-D9A7-41F1-8304-52DE196B7305}.Debug|Any CPU.Build.0 = Debug|Any CPU
		{EFA91E2C-D9A7-41F1-8304-52DE196B7305}.Release|Any CPU.ActiveCfg = Release|Any CPU
		{EFA91E2C-D9A7-41F1-8304-52DE196B7305}.Release|Any CPU.Build.0 = Release|Any CPU
		{9C25A2A5-84BD-4B63-B123-766D160EF386}.Debug|Any CPU.ActiveCfg = Debug|Any CPU
		{9C25A2A5-84BD-4B63-B123-766D160EF386}.Debug|Any CPU.Build.0 = Debug|Any CPU
		{9C25A2A5-84BD-4B63-B123-766D160EF386}.Release|Any CPU.ActiveCfg = Release|Any CPU
		{9C25A2A5-84BD-4B63-B123-766D160EF386}.Release|Any CPU.Build.0 = Release|Any CPU
	EndGlobalSection
	GlobalSection(SolutionProperties) = preSolution
		HideSolutionNode = FALSE
	EndGlobalSection
EndGlobal
